// !$*UTF8*$!
{
	archiveVersion = 1;
	classes = {
	};
	objectVersion = 55;
	objects = {

/* Begin PBXBuildFile section */
		BA295263282895FA0040629D /* CustomSearchController.swift in Sources */ = {isa = PBXBuildFile; fileRef = BA295262282895FA0040629D /* CustomSearchController.swift */; };
		BA295265282896010040629D /* CustomSearchBar.swift in Sources */ = {isa = PBXBuildFile; fileRef = BA295264282896010040629D /* CustomSearchBar.swift */; };
		BA29526D2828A8E80040629D /* SnapKit in Frameworks */ = {isa = PBXBuildFile; productRef = BA29526C2828A8E80040629D /* SnapKit */; };
		BA5BEFFB28255978001DC8A7 /* OpenSans-Bold.ttf in Resources */ = {isa = PBXBuildFile; fileRef = BA5BEFF5282558C3001DC8A7 /* OpenSans-Bold.ttf */; };
		BA5BEFFC28255978001DC8A7 /* OpenSans-BoldItalic.ttf in Resources */ = {isa = PBXBuildFile; fileRef = BA5BEFEF282558C3001DC8A7 /* OpenSans-BoldItalic.ttf */; };
		BA5BEFFD28255978001DC8A7 /* OpenSans-ExtraBold.ttf in Resources */ = {isa = PBXBuildFile; fileRef = BA5BEFF1282558C3001DC8A7 /* OpenSans-ExtraBold.ttf */; };
		BA5BEFFE28255978001DC8A7 /* OpenSans-ExtraBoldItalic.ttf in Resources */ = {isa = PBXBuildFile; fileRef = BA5BEFF4282558C3001DC8A7 /* OpenSans-ExtraBoldItalic.ttf */; };
		BA5BEFFF28255978001DC8A7 /* OpenSans-Italic.ttf in Resources */ = {isa = PBXBuildFile; fileRef = BA5BEFF0282558C3001DC8A7 /* OpenSans-Italic.ttf */; };
		BA5BF00028255978001DC8A7 /* OpenSans-Light.ttf in Resources */ = {isa = PBXBuildFile; fileRef = BA5BEFF9282558C3001DC8A7 /* OpenSans-Light.ttf */; };
		BA5BF00128255978001DC8A7 /* OpenSans-LightItalic.ttf in Resources */ = {isa = PBXBuildFile; fileRef = BA5BEFF2282558C3001DC8A7 /* OpenSans-LightItalic.ttf */; };
		BA5BF00228255978001DC8A7 /* OpenSans-Medium.ttf in Resources */ = {isa = PBXBuildFile; fileRef = BA5BEFFA282558C3001DC8A7 /* OpenSans-Medium.ttf */; };
		BA5BF00328255978001DC8A7 /* OpenSans-MediumItalic.ttf in Resources */ = {isa = PBXBuildFile; fileRef = BA5BEFF6282558C3001DC8A7 /* OpenSans-MediumItalic.ttf */; };
		BA5BF00428255978001DC8A7 /* OpenSans-Regular.ttf in Resources */ = {isa = PBXBuildFile; fileRef = BA5BEFF7282558C3001DC8A7 /* OpenSans-Regular.ttf */; };
		BA5BF00528255978001DC8A7 /* OpenSans-SemiBold.ttf in Resources */ = {isa = PBXBuildFile; fileRef = BA5BEFF3282558C3001DC8A7 /* OpenSans-SemiBold.ttf */; };
		BA5BF00628255978001DC8A7 /* OpenSans-SemiBoldItalic.ttf in Resources */ = {isa = PBXBuildFile; fileRef = BA5BEFF8282558C3001DC8A7 /* OpenSans-SemiBoldItalic.ttf */; };
		BA854425282473C90057D9A1 /* AccountCell.swift in Sources */ = {isa = PBXBuildFile; fileRef = BA854423282473C90057D9A1 /* AccountCell.swift */; };
		BA854426282473C90057D9A1 /* AccountCell.xib in Resources */ = {isa = PBXBuildFile; fileRef = BA854424282473C90057D9A1 /* AccountCell.xib */; };
		BA873DDD281BF737003E560C /* AppDelegate.swift in Sources */ = {isa = PBXBuildFile; fileRef = BA873DDC281BF737003E560C /* AppDelegate.swift */; };
		BA873DDF281BF737003E560C /* SceneDelegate.swift in Sources */ = {isa = PBXBuildFile; fileRef = BA873DDE281BF737003E560C /* SceneDelegate.swift */; };
		BA873DE1281BF737003E560C /* ViewController.swift in Sources */ = {isa = PBXBuildFile; fileRef = BA873DE0281BF737003E560C /* ViewController.swift */; };
		BA873DE4281BF737003E560C /* Main.storyboard in Resources */ = {isa = PBXBuildFile; fileRef = BA873DE2281BF737003E560C /* Main.storyboard */; };
		BA873DE6281BF738003E560C /* Assets.xcassets in Resources */ = {isa = PBXBuildFile; fileRef = BA873DE5281BF738003E560C /* Assets.xcassets */; };
		BA873DE9281BF738003E560C /* LaunchScreen.storyboard in Resources */ = {isa = PBXBuildFile; fileRef = BA873DE7281BF738003E560C /* LaunchScreen.storyboard */; };
		BA873DF4281C1CC9003E560C /* data1.json in Resources */ = {isa = PBXBuildFile; fileRef = BA873DF3281C1CC9003E560C /* data1.json */; };
		BA873DF6281C1CE0003E560C /* AccountModel.swift in Sources */ = {isa = PBXBuildFile; fileRef = BA873DF5281C1CE0003E560C /* AccountModel.swift */; };
		BA873DF9281C1FDA003E560C /* NetworkService.swift in Sources */ = {isa = PBXBuildFile; fileRef = BA873DF8281C1FDA003E560C /* NetworkService.swift */; };
		BAF2EFCC281C24C80027AC6A /* data2.json in Resources */ = {isa = PBXBuildFile; fileRef = BAF2EFCB281C24C80027AC6A /* data2.json */; };
/* End PBXBuildFile section */

/* Begin PBXFileReference section */
		BA295262282895FA0040629D /* CustomSearchController.swift */ = {isa = PBXFileReference; lastKnownFileType = sourcecode.swift; path = CustomSearchController.swift; sourceTree = "<group>"; };
		BA295264282896010040629D /* CustomSearchBar.swift */ = {isa = PBXFileReference; lastKnownFileType = sourcecode.swift; path = CustomSearchBar.swift; sourceTree = "<group>"; };
		BA5BEFEF282558C3001DC8A7 /* OpenSans-BoldItalic.ttf */ = {isa = PBXFileReference; lastKnownFileType = file; path = "OpenSans-BoldItalic.ttf"; sourceTree = "<group>"; };
		BA5BEFF0282558C3001DC8A7 /* OpenSans-Italic.ttf */ = {isa = PBXFileReference; lastKnownFileType = file; path = "OpenSans-Italic.ttf"; sourceTree = "<group>"; };
		BA5BEFF1282558C3001DC8A7 /* OpenSans-ExtraBold.ttf */ = {isa = PBXFileReference; lastKnownFileType = file; path = "OpenSans-ExtraBold.ttf"; sourceTree = "<group>"; };
		BA5BEFF2282558C3001DC8A7 /* OpenSans-LightItalic.ttf */ = {isa = PBXFileReference; lastKnownFileType = file; path = "OpenSans-LightItalic.ttf"; sourceTree = "<group>"; };
		BA5BEFF3282558C3001DC8A7 /* OpenSans-SemiBold.ttf */ = {isa = PBXFileReference; lastKnownFileType = file; path = "OpenSans-SemiBold.ttf"; sourceTree = "<group>"; };
		BA5BEFF4282558C3001DC8A7 /* OpenSans-ExtraBoldItalic.ttf */ = {isa = PBXFileReference; lastKnownFileType = file; path = "OpenSans-ExtraBoldItalic.ttf"; sourceTree = "<group>"; };
		BA5BEFF5282558C3001DC8A7 /* OpenSans-Bold.ttf */ = {isa = PBXFileReference; lastKnownFileType = file; path = "OpenSans-Bold.ttf"; sourceTree = "<group>"; };
		BA5BEFF6282558C3001DC8A7 /* OpenSans-MediumItalic.ttf */ = {isa = PBXFileReference; lastKnownFileType = file; path = "OpenSans-MediumItalic.ttf"; sourceTree = "<group>"; };
		BA5BEFF7282558C3001DC8A7 /* OpenSans-Regular.ttf */ = {isa = PBXFileReference; lastKnownFileType = file; path = "OpenSans-Regular.ttf"; sourceTree = "<group>"; };
		BA5BEFF8282558C3001DC8A7 /* OpenSans-SemiBoldItalic.ttf */ = {isa = PBXFileReference; lastKnownFileType = file; path = "OpenSans-SemiBoldItalic.ttf"; sourceTree = "<group>"; };
		BA5BEFF9282558C3001DC8A7 /* OpenSans-Light.ttf */ = {isa = PBXFileReference; lastKnownFileType = file; path = "OpenSans-Light.ttf"; sourceTree = "<group>"; };
		BA5BEFFA282558C3001DC8A7 /* OpenSans-Medium.ttf */ = {isa = PBXFileReference; lastKnownFileType = file; path = "OpenSans-Medium.ttf"; sourceTree = "<group>"; };
		BA854423282473C90057D9A1 /* AccountCell.swift */ = {isa = PBXFileReference; lastKnownFileType = sourcecode.swift; path = AccountCell.swift; sourceTree = "<group>"; };
		BA854424282473C90057D9A1 /* AccountCell.xib */ = {isa = PBXFileReference; lastKnownFileType = file.xib; path = AccountCell.xib; sourceTree = "<group>"; };
		BA873DD9281BF737003E560C /* SearchApp.app */ = {isa = PBXFileReference; explicitFileType = wrapper.application; includeInIndex = 0; path = SearchApp.app; sourceTree = BUILT_PRODUCTS_DIR; };
		BA873DDC281BF737003E560C /* AppDelegate.swift */ = {isa = PBXFileReference; lastKnownFileType = sourcecode.swift; path = AppDelegate.swift; sourceTree = "<group>"; };
		BA873DDE281BF737003E560C /* SceneDelegate.swift */ = {isa = PBXFileReference; lastKnownFileType = sourcecode.swift; path = SceneDelegate.swift; sourceTree = "<group>"; };
		BA873DE0281BF737003E560C /* ViewController.swift */ = {isa = PBXFileReference; lastKnownFileType = sourcecode.swift; path = ViewController.swift; sourceTree = "<group>"; };
		BA873DE3281BF737003E560C /* Base */ = {isa = PBXFileReference; lastKnownFileType = file.storyboard; name = Base; path = Base.lproj/Main.storyboard; sourceTree = "<group>"; };
		BA873DE5281BF738003E560C /* Assets.xcassets */ = {isa = PBXFileReference; lastKnownFileType = folder.assetcatalog; path = Assets.xcassets; sourceTree = "<group>"; };
		BA873DE8281BF738003E560C /* Base */ = {isa = PBXFileReference; lastKnownFileType = file.storyboard; name = Base; path = Base.lproj/LaunchScreen.storyboard; sourceTree = "<group>"; };
		BA873DEA281BF738003E560C /* Info.plist */ = {isa = PBXFileReference; lastKnownFileType = text.plist.xml; path = Info.plist; sourceTree = "<group>"; };
		BA873DF3281C1CC9003E560C /* data1.json */ = {isa = PBXFileReference; fileEncoding = 4; lastKnownFileType = text.json; path = data1.json; sourceTree = "<group>"; };
		BA873DF5281C1CE0003E560C /* AccountModel.swift */ = {isa = PBXFileReference; lastKnownFileType = sourcecode.swift; path = AccountModel.swift; sourceTree = "<group>"; };
		BA873DF8281C1FDA003E560C /* NetworkService.swift */ = {isa = PBXFileReference; lastKnownFileType = sourcecode.swift; path = NetworkService.swift; sourceTree = "<group>"; };
		BAF2EFCB281C24C80027AC6A /* data2.json */ = {isa = PBXFileReference; fileEncoding = 4; lastKnownFileType = text.json; path = data2.json; sourceTree = "<group>"; };
/* End PBXFileReference section */

/* Begin PBXFrameworksBuildPhase section */
		BA873DD6281BF737003E560C /* Frameworks */ = {
			isa = PBXFrameworksBuildPhase;
			buildActionMask = 2147483647;
			files = (
				BA29526D2828A8E80040629D /* SnapKit in Frameworks */,
			);
			runOnlyForDeploymentPostprocessing = 0;
		};
/* End PBXFrameworksBuildPhase section */

/* Begin PBXGroup section */
		BA5BEFEA28254CF2001DC8A7 /* Cell */ = {
			isa = PBXGroup;
			children = (
				BA854423282473C90057D9A1 /* AccountCell.swift */,
				BA854424282473C90057D9A1 /* AccountCell.xib */,
			);
			path = Cell;
			sourceTree = "<group>";
		};
		BA5BEFEB28254D07001DC8A7 /* App */ = {
			isa = PBXGroup;
			children = (
				BA873DDE281BF737003E560C /* SceneDelegate.swift */,
				BA873DDC281BF737003E560C /* AppDelegate.swift */,
			);
			path = App;
			sourceTree = "<group>";
		};
		BA5BEFEC28254D3E001DC8A7 /* View */ = {
			isa = PBXGroup;
			children = (
				BA873DE2281BF737003E560C /* Main.storyboard */,
				BA873DE7281BF738003E560C /* LaunchScreen.storyboard */,
			);
			path = View;
			sourceTree = "<group>";
		};
		BA5BEFED28254D5B001DC8A7 /* Controller */ = {
			isa = PBXGroup;
			children = (
				BA873DE0281BF737003E560C /* ViewController.swift */,
			);
			path = Controller;
			sourceTree = "<group>";
		};
		BA5BEFEE282558AF001DC8A7 /* Font */ = {
			isa = PBXGroup;
			children = (
				BA5BEFF5282558C3001DC8A7 /* OpenSans-Bold.ttf */,
				BA5BEFEF282558C3001DC8A7 /* OpenSans-BoldItalic.ttf */,
				BA5BEFF1282558C3001DC8A7 /* OpenSans-ExtraBold.ttf */,
				BA5BEFF4282558C3001DC8A7 /* OpenSans-ExtraBoldItalic.ttf */,
				BA5BEFF0282558C3001DC8A7 /* OpenSans-Italic.ttf */,
				BA5BEFF9282558C3001DC8A7 /* OpenSans-Light.ttf */,
				BA5BEFF2282558C3001DC8A7 /* OpenSans-LightItalic.ttf */,
				BA5BEFFA282558C3001DC8A7 /* OpenSans-Medium.ttf */,
				BA5BEFF6282558C3001DC8A7 /* OpenSans-MediumItalic.ttf */,
				BA5BEFF7282558C3001DC8A7 /* OpenSans-Regular.ttf */,
				BA5BEFF3282558C3001DC8A7 /* OpenSans-SemiBold.ttf */,
				BA5BEFF8282558C3001DC8A7 /* OpenSans-SemiBoldItalic.ttf */,
			);
			path = Font;
			sourceTree = "<group>";
		};
		BA873DD0281BF737003E560C = {
			isa = PBXGroup;
			children = (
				BA873DDB281BF737003E560C /* SearchApp */,
				BA873DDA281BF737003E560C /* Products */,
			);
			sourceTree = "<group>";
		};
		BA873DDA281BF737003E560C /* Products */ = {
			isa = PBXGroup;
			children = (
				BA873DD9281BF737003E560C /* SearchApp.app */,
			);
			name = Products;
			sourceTree = "<group>";
		};
		BA873DDB281BF737003E560C /* SearchApp */ = {
			isa = PBXGroup;
			children = (
				BA5BEFEB28254D07001DC8A7 /* App */,
				BA5BEFEE282558AF001DC8A7 /* Font */,
				BA873DF7281C1FCC003E560C /* Network */,
				BA873DF2281C1CBC003E560C /* Model */,
				BA5BEFEC28254D3E001DC8A7 /* View */,
				BA5BEFEA28254CF2001DC8A7 /* Cell */,
				BA5BEFED28254D5B001DC8A7 /* Controller */,
				BA873DE5281BF738003E560C /* Assets.xcassets */,
				BA873DEA281BF738003E560C /* Info.plist */,
				BA873DF3281C1CC9003E560C /* data1.json */,
				BAF2EFCB281C24C80027AC6A /* data2.json */,
				BA295262282895FA0040629D /* CustomSearchController.swift */,
				BA295264282896010040629D /* CustomSearchBar.swift */,
			);
			path = SearchApp;
			sourceTree = "<group>";
		};
		BA873DF2281C1CBC003E560C /* Model */ = {
			isa = PBXGroup;
			children = (
				BA873DF5281C1CE0003E560C /* AccountModel.swift */,
			);
			path = Model;
			sourceTree = "<group>";
		};
		BA873DF7281C1FCC003E560C /* Network */ = {
			isa = PBXGroup;
			children = (
				BA873DF8281C1FDA003E560C /* NetworkService.swift */,
			);
			path = Network;
			sourceTree = "<group>";
		};
/* End PBXGroup section */

/* Begin PBXNativeTarget section */
		BA873DD8281BF737003E560C /* SearchApp */ = {
			isa = PBXNativeTarget;
			buildConfigurationList = BA873DED281BF738003E560C /* Build configuration list for PBXNativeTarget "SearchApp" */;
			buildPhases = (
				BA873DD5281BF737003E560C /* Sources */,
				BA873DD6281BF737003E560C /* Frameworks */,
				BA873DD7281BF737003E560C /* Resources */,
			);
			buildRules = (
			);
			dependencies = (
			);
			name = SearchApp;
			packageProductDependencies = (
				BA29526C2828A8E80040629D /* SnapKit */,
			);
			productName = SearchApp;
			productReference = BA873DD9281BF737003E560C /* SearchApp.app */;
			productType = "com.apple.product-type.application";
		};
/* End PBXNativeTarget section */

/* Begin PBXProject section */
		BA873DD1281BF737003E560C /* Project object */ = {
			isa = PBXProject;
			attributes = {
				BuildIndependentTargetsInParallel = 1;
				LastSwiftUpdateCheck = 1330;
				LastUpgradeCheck = 1330;
				TargetAttributes = {
					BA873DD8281BF737003E560C = {
						CreatedOnToolsVersion = 13.3.1;
					};
				};
			};
			buildConfigurationList = BA873DD4281BF737003E560C /* Build configuration list for PBXProject "SearchApp" */;
			compatibilityVersion = "Xcode 13.0";
			developmentRegion = en;
			hasScannedForEncodings = 0;
			knownRegions = (
				en,
				Base,
			);
			mainGroup = BA873DD0281BF737003E560C;
			packageReferences = (
				BA29526B2828A8E80040629D /* XCRemoteSwiftPackageReference "SnapKit" */,
			);
			productRefGroup = BA873DDA281BF737003E560C /* Products */;
			projectDirPath = "";
			projectRoot = "";
			targets = (
				BA873DD8281BF737003E560C /* SearchApp */,
			);
		};
/* End PBXProject section */

/* Begin PBXResourcesBuildPhase section */
		BA873DD7281BF737003E560C /* Resources */ = {
			isa = PBXResourcesBuildPhase;
			buildActionMask = 2147483647;
			files = (
				BA5BEFFB28255978001DC8A7 /* OpenSans-Bold.ttf in Resources */,
				BA5BEFFC28255978001DC8A7 /* OpenSans-BoldItalic.ttf in Resources */,
				BA5BEFFD28255978001DC8A7 /* OpenSans-ExtraBold.ttf in Resources */,
				BA5BEFFE28255978001DC8A7 /* OpenSans-ExtraBoldItalic.ttf in Resources */,
				BA5BEFFF28255978001DC8A7 /* OpenSans-Italic.ttf in Resources */,
				BA5BF00028255978001DC8A7 /* OpenSans-Light.ttf in Resources */,
				BA5BF00128255978001DC8A7 /* OpenSans-LightItalic.ttf in Resources */,
				BA5BF00228255978001DC8A7 /* OpenSans-Medium.ttf in Resources */,
				BA5BF00328255978001DC8A7 /* OpenSans-MediumItalic.ttf in Resources */,
				BA5BF00428255978001DC8A7 /* OpenSans-Regular.ttf in Resources */,
				BA5BF00528255978001DC8A7 /* OpenSans-SemiBold.ttf in Resources */,
				BA5BF00628255978001DC8A7 /* OpenSans-SemiBoldItalic.ttf in Resources */,
				BA873DE9281BF738003E560C /* LaunchScreen.storyboard in Resources */,
				BA873DF4281C1CC9003E560C /* data1.json in Resources */,
				BA873DE6281BF738003E560C /* Assets.xcassets in Resources */,
				BAF2EFCC281C24C80027AC6A /* data2.json in Resources */,
				BA873DE4281BF737003E560C /* Main.storyboard in Resources */,
				BA854426282473C90057D9A1 /* AccountCell.xib in Resources */,
			);
			runOnlyForDeploymentPostprocessing = 0;
		};
/* End PBXResourcesBuildPhase section */

/* Begin PBXSourcesBuildPhase section */
		BA873DD5281BF737003E560C /* Sources */ = {
			isa = PBXSourcesBuildPhase;
			buildActionMask = 2147483647;
			files = (
				BA873DF6281C1CE0003E560C /* AccountModel.swift in Sources */,
				BA854425282473C90057D9A1 /* AccountCell.swift in Sources */,
				BA295263282895FA0040629D /* CustomSearchController.swift in Sources */,
				BA873DE1281BF737003E560C /* ViewController.swift in Sources */,
				BA873DDD281BF737003E560C /* AppDelegate.swift in Sources */,
				BA873DF9281C1FDA003E560C /* NetworkService.swift in Sources */,
				BA295265282896010040629D /* CustomSearchBar.swift in Sources */,
				BA873DDF281BF737003E560C /* SceneDelegate.swift in Sources */,
			);
			runOnlyForDeploymentPostprocessing = 0;
		};
/* End PBXSourcesBuildPhase section */

/* Begin PBXVariantGroup section */
		BA873DE2281BF737003E560C /* Main.storyboard */ = {
			isa = PBXVariantGroup;
			children = (
				BA873DE3281BF737003E560C /* Base */,
			);
			name = Main.storyboard;
			sourceTree = "<group>";
		};
		BA873DE7281BF738003E560C /* LaunchScreen.storyboard */ = {
			isa = PBXVariantGroup;
			children = (
				BA873DE8281BF738003E560C /* Base */,
			);
			name = LaunchScreen.storyboard;
			sourceTree = "<group>";
		};
/* End PBXVariantGroup section */

/* Begin XCBuildConfiguration section */
		BA873DEB281BF738003E560C /* Debug */ = {
			isa = XCBuildConfiguration;
			buildSettings = {
				ALWAYS_SEARCH_USER_PATHS = NO;
				CLANG_ANALYZER_NONNULL = YES;
				CLANG_ANALYZER_NUMBER_OBJECT_CONVERSION = YES_AGGRESSIVE;
				CLANG_CXX_LANGUAGE_STANDARD = "gnu++17";
				CLANG_ENABLE_MODULES = YES;
				CLANG_ENABLE_OBJC_ARC = YES;
				CLANG_ENABLE_OBJC_WEAK = YES;
				CLANG_WARN_BLOCK_CAPTURE_AUTORELEASING = YES;
				CLANG_WARN_BOOL_CONVERSION = YES;
				CLANG_WARN_COMMA = YES;
				CLANG_WARN_CONSTANT_CONVERSION = YES;
				CLANG_WARN_DEPRECATED_OBJC_IMPLEMENTATIONS = YES;
				CLANG_WARN_DIRECT_OBJC_ISA_USAGE = YES_ERROR;
				CLANG_WARN_DOCUMENTATION_COMMENTS = YES;
				CLANG_WARN_EMPTY_BODY = YES;
				CLANG_WARN_ENUM_CONVERSION = YES;
				CLANG_WARN_INFINITE_RECURSION = YES;
				CLANG_WARN_INT_CONVERSION = YES;
				CLANG_WARN_NON_LITERAL_NULL_CONVERSION = YES;
				CLANG_WARN_OBJC_IMPLICIT_RETAIN_SELF = YES;
				CLANG_WARN_OBJC_LITERAL_CONVERSION = YES;
				CLANG_WARN_OBJC_ROOT_CLASS = YES_ERROR;
				CLANG_WARN_QUOTED_INCLUDE_IN_FRAMEWORK_HEADER = YES;
				CLANG_WARN_RANGE_LOOP_ANALYSIS = YES;
				CLANG_WARN_STRICT_PROTOTYPES = YES;
				CLANG_WARN_SUSPICIOUS_MOVE = YES;
				CLANG_WARN_UNGUARDED_AVAILABILITY = YES_AGGRESSIVE;
				CLANG_WARN_UNREACHABLE_CODE = YES;
				CLANG_WARN__DUPLICATE_METHOD_MATCH = YES;
				COPY_PHASE_STRIP = NO;
				DEBUG_INFORMATION_FORMAT = dwarf;
				ENABLE_STRICT_OBJC_MSGSEND = YES;
				ENABLE_TESTABILITY = YES;
				GCC_C_LANGUAGE_STANDARD = gnu11;
				GCC_DYNAMIC_NO_PIC = NO;
				GCC_NO_COMMON_BLOCKS = YES;
				GCC_OPTIMIZATION_LEVEL = 0;
				GCC_PREPROCESSOR_DEFINITIONS = (
					"DEBUG=1",
					"$(inherited)",
				);
				GCC_WARN_64_TO_32_BIT_CONVERSION = YES;
				GCC_WARN_ABOUT_RETURN_TYPE = YES_ERROR;
				GCC_WARN_UNDECLARED_SELECTOR = YES;
				GCC_WARN_UNINITIALIZED_AUTOS = YES_AGGRESSIVE;
				GCC_WARN_UNUSED_FUNCTION = YES;
				GCC_WARN_UNUSED_VARIABLE = YES;
				IPHONEOS_DEPLOYMENT_TARGET = 15.4;
				MTL_ENABLE_DEBUG_INFO = INCLUDE_SOURCE;
				MTL_FAST_MATH = YES;
				ONLY_ACTIVE_ARCH = YES;
				SDKROOT = iphoneos;
				SWIFT_ACTIVE_COMPILATION_CONDITIONS = DEBUG;
				SWIFT_OPTIMIZATION_LEVEL = "-Onone";
			};
			name = Debug;
		};
		BA873DEC281BF738003E560C /* Release */ = {
			isa = XCBuildConfiguration;
			buildSettings = {
				ALWAYS_SEARCH_USER_PATHS = NO;
				CLANG_ANALYZER_NONNULL = YES;
				CLANG_ANALYZER_NUMBER_OBJECT_CONVERSION = YES_AGGRESSIVE;
				CLANG_CXX_LANGUAGE_STANDARD = "gnu++17";
				CLANG_ENABLE_MODULES = YES;
				CLANG_ENABLE_OBJC_ARC = YES;
				CLANG_ENABLE_OBJC_WEAK = YES;
				CLANG_WARN_BLOCK_CAPTURE_AUTORELEASING = YES;
				CLANG_WARN_BOOL_CONVERSION = YES;
				CLANG_WARN_COMMA = YES;
				CLANG_WARN_CONSTANT_CONVERSION = YES;
				CLANG_WARN_DEPRECATED_OBJC_IMPLEMENTATIONS = YES;
				CLANG_WARN_DIRECT_OBJC_ISA_USAGE = YES_ERROR;
				CLANG_WARN_DOCUMENTATION_COMMENTS = YES;
				CLANG_WARN_EMPTY_BODY = YES;
				CLANG_WARN_ENUM_CONVERSION = YES;
				CLANG_WARN_INFINITE_RECURSION = YES;
				CLANG_WARN_INT_CONVERSION = YES;
				CLANG_WARN_NON_LITERAL_NULL_CONVERSION = YES;
				CLANG_WARN_OBJC_IMPLICIT_RETAIN_SELF = YES;
				CLANG_WARN_OBJC_LITERAL_CONVERSION = YES;
				CLANG_WARN_OBJC_ROOT_CLASS = YES_ERROR;
				CLANG_WARN_QUOTED_INCLUDE_IN_FRAMEWORK_HEADER = YES;
				CLANG_WARN_RANGE_LOOP_ANALYSIS = YES;
				CLANG_WARN_STRICT_PROTOTYPES = YES;
				CLANG_WARN_SUSPICIOUS_MOVE = YES;
				CLANG_WARN_UNGUARDED_AVAILABILITY = YES_AGGRESSIVE;
				CLANG_WARN_UNREACHABLE_CODE = YES;
				CLANG_WARN__DUPLICATE_METHOD_MATCH = YES;
				COPY_PHASE_STRIP = NO;
				DEBUG_INFORMATION_FORMAT = "dwarf-with-dsym";
				ENABLE_NS_ASSERTIONS = NO;
				ENABLE_STRICT_OBJC_MSGSEND = YES;
				GCC_C_LANGUAGE_STANDARD = gnu11;
				GCC_NO_COMMON_BLOCKS = YES;
				GCC_WARN_64_TO_32_BIT_CONVERSION = YES;
				GCC_WARN_ABOUT_RETURN_TYPE = YES_ERROR;
				GCC_WARN_UNDECLARED_SELECTOR = YES;
				GCC_WARN_UNINITIALIZED_AUTOS = YES_AGGRESSIVE;
				GCC_WARN_UNUSED_FUNCTION = YES;
				GCC_WARN_UNUSED_VARIABLE = YES;
				IPHONEOS_DEPLOYMENT_TARGET = 15.4;
				MTL_ENABLE_DEBUG_INFO = NO;
				MTL_FAST_MATH = YES;
				SDKROOT = iphoneos;
				SWIFT_COMPILATION_MODE = wholemodule;
				SWIFT_OPTIMIZATION_LEVEL = "-O";
				VALIDATE_PRODUCT = YES;
			};
			name = Release;
		};
		BA873DEE281BF738003E560C /* Debug */ = {
			isa = XCBuildConfiguration;
			buildSettings = {
				ASSETCATALOG_COMPILER_APPICON_NAME = AppIcon;
				ASSETCATALOG_COMPILER_GLOBAL_ACCENT_COLOR_NAME = AccentColor;
				CODE_SIGN_STYLE = Automatic;
				CURRENT_PROJECT_VERSION = 1;
				DEVELOPMENT_TEAM = 3A8H2GTC36;
				GENERATE_INFOPLIST_FILE = YES;
				INFOPLIST_FILE = SearchApp/Info.plist;
				INFOPLIST_KEY_UIApplicationSupportsIndirectInputEvents = YES;
				INFOPLIST_KEY_UILaunchStoryboardName = LaunchScreen;
				INFOPLIST_KEY_UIMainStoryboardFile = Main;
				INFOPLIST_KEY_UISupportedInterfaceOrientations_iPad = "UIInterfaceOrientationPortrait UIInterfaceOrientationPortraitUpsideDown UIInterfaceOrientationLandscapeLeft UIInterfaceOrientationLandscapeRight";
				INFOPLIST_KEY_UISupportedInterfaceOrientations_iPhone = "UIInterfaceOrientationPortrait UIInterfaceOrientationLandscapeLeft UIInterfaceOrientationLandscapeRight";
				LD_RUNPATH_SEARCH_PATHS = (
					"$(inherited)",
					"@executable_path/Frameworks",
				);
				MARKETING_VERSION = 1.0;
				PRODUCT_BUNDLE_IDENTIFIER = com.kadanur.SearchApp;
				PRODUCT_NAME = "$(TARGET_NAME)";
				SWIFT_EMIT_LOC_STRINGS = YES;
				SWIFT_VERSION = 5.0;
				TARGETED_DEVICE_FAMILY = "1,2";
			};
			name = Debug;
		};
		BA873DEF281BF738003E560C /* Release */ = {
			isa = XCBuildConfiguration;
			buildSettings = {
				ASSETCATALOG_COMPILER_APPICON_NAME = AppIcon;
				ASSETCATALOG_COMPILER_GLOBAL_ACCENT_COLOR_NAME = AccentColor;
				CODE_SIGN_STYLE = Automatic;
				CURRENT_PROJECT_VERSION = 1;
				DEVELOPMENT_TEAM = 3A8H2GTC36;
				GENERATE_INFOPLIST_FILE = YES;
				INFOPLIST_FILE = SearchApp/Info.plist;
				INFOPLIST_KEY_UIApplicationSupportsIndirectInputEvents = YES;
				INFOPLIST_KEY_UILaunchStoryboardName = LaunchScreen;
				INFOPLIST_KEY_UIMainStoryboardFile = Main;
				INFOPLIST_KEY_UISupportedInterfaceOrientations_iPad = "UIInterfaceOrientationPortrait UIInterfaceOrientationPortraitUpsideDown UIInterfaceOrientationLandscapeLeft UIInterfaceOrientationLandscapeRight";
				INFOPLIST_KEY_UISupportedInterfaceOrientations_iPhone = "UIInterfaceOrientationPortrait UIInterfaceOrientationLandscapeLeft UIInterfaceOrientationLandscapeRight";
				LD_RUNPATH_SEARCH_PATHS = (
					"$(inherited)",
					"@executable_path/Frameworks",
				);
				MARKETING_VERSION = 1.0;
				PRODUCT_BUNDLE_IDENTIFIER = com.kadanur.SearchApp;
				PRODUCT_NAME = "$(TARGET_NAME)";
				SWIFT_EMIT_LOC_STRINGS = YES;
				SWIFT_VERSION = 5.0;
				TARGETED_DEVICE_FAMILY = "1,2";
			};
			name = Release;
		};
/* End XCBuildConfiguration section */

/* Begin XCConfigurationList section */
		BA873DD4281BF737003E560C /* Build configuration list for PBXProject "SearchApp" */ = {
			isa = XCConfigurationList;
			buildConfigurations = (
				BA873DEB281BF738003E560C /* Debug */,
				BA873DEC281BF738003E560C /* Release */,
			);
			defaultConfigurationIsVisible = 0;
			defaultConfigurationName = Release;
		};
		BA873DED281BF738003E560C /* Build configuration list for PBXNativeTarget "SearchApp" */ = {
			isa = XCConfigurationList;
			buildConfigurations = (
				BA873DEE281BF738003E560C /* Debug */,
				BA873DEF281BF738003E560C /* Release */,
			);
			defaultConfigurationIsVisible = 0;
			defaultConfigurationName = Release;
		};
/* End XCConfigurationList section */

/* Begin XCRemoteSwiftPackageReference section */
		BA29526B2828A8E80040629D /* XCRemoteSwiftPackageReference "SnapKit" */ = {
			isa = XCRemoteSwiftPackageReference;
			repositoryURL = "https://github.com/SnapKit/SnapKit.git";
			requirement = {
				branch = develop;
				kind = branch;
			};
		};
/* End XCRemoteSwiftPackageReference section */

/* Begin XCSwiftPackageProductDependency section */
		BA29526C2828A8E80040629D /* SnapKit */ = {
			isa = XCSwiftPackageProductDependency;
			package = BA29526B2828A8E80040629D /* XCRemoteSwiftPackageReference "SnapKit" */;
			productName = SnapKit;
		};
/* End XCSwiftPackageProductDependency section */
	};
	rootObject = BA873DD1281BF737003E560C /* Project object */;
}
